
Microsoft Visual Studio Solution File, Format Version 12.00
# Visual Studio Version 17
VisualStudioVersion = 17.4.33213.308
MinimumVisualStudioVersion = 10.0.40219.1
Project("{9A19103F-16F7-4668-BE54-9A1E7A4F7556}") = "PasswordManager.Blazor", "PasswordManager.Blazor\PasswordManager.Blazor.csproj", "{19369D66-B69B-45F7-B17B-ACE63F9B25A5}"
EndProject
Project("{9A19103F-16F7-4668-BE54-9A1E7A4F7556}") = "Domain", "Domain\Domain.csproj", "{DDC80E61-1308-4291-B2C1-EE86F5984007}"
EndProject
Project("{2150E333-8FDC-42A3-9474-1A3956D46DE8}") = "Core", "Core", "{4A4E718C-0803-40B4-8E8D-78D4236C6EE3}"
EndProject
Project("{2150E333-8FDC-42A3-9474-1A3956D46DE8}") = "Infrastructure", "Infrastructure", "{0D31295F-86B7-4CC7-89CD-FF1E83A4E15E}"
EndProject
Project("{FAE04EC0-301F-11D3-BF4B-00C04F79EFBC}") = "Application", "Application\Application.csproj", "{9489ADDD-E92E-4471-BC69-5A8A499113C2}"
EndProject
Project("{FAE04EC0-301F-11D3-BF4B-00C04F79EFBC}") = "Persistence", "Persistence\Persistence.csproj", "{17977819-6B09-4A53-B0DD-94AACC26305F}"
EndProject
Global
	GlobalSection(SolutionConfigurationPlatforms) = preSolution
		Debug|Any CPU = Debug|Any CPU
		Release|Any CPU = Release|Any CPU
	EndGlobalSection
	GlobalSection(ProjectConfigurationPlatforms) = postSolution
		{19369D66-B69B-45F7-B17B-ACE63F9B25A5}.Debug|Any CPU.ActiveCfg = Debug|Any CPU
		{19369D66-B69B-45F7-B17B-ACE63F9B25A5}.Debug|Any CPU.Build.0 = Debug|Any CPU
		{19369D66-B69B-45F7-B17B-ACE63F9B25A5}.Release|Any CPU.ActiveCfg = Release|Any CPU
		{19369D66-B69B-45F7-B17B-ACE63F9B25A5}.Release|Any CPU.Build.0 = Release|Any CPU
		{DDC80E61-1308-4291-B2C1-EE86F5984007}.Debug|Any CPU.ActiveCfg = Debug|Any CPU
		{DDC80E61-1308-4291-B2C1-EE86F5984007}.Debug|Any CPU.Build.0 = Debug|Any CPU
		{DDC80E61-1308-4291-B2C1-EE86F5984007}.Release|Any CPU.ActiveCfg = Release|Any CPU
		{DDC80E61-1308-4291-B2C1-EE86F5984007}.Release|Any CPU.Build.0 = Release|Any CPU
		{9489ADDD-E92E-4471-BC69-5A8A499113C2}.Debug|Any CPU.ActiveCfg = Debug|Any CPU
		{9489ADDD-E92E-4471-BC69-5A8A499113C2}.Debug|Any CPU.Build.0 = Debug|Any CPU
		{9489ADDD-E92E-4471-BC69-5A8A499113C2}.Release|Any CPU.ActiveCfg = Release|Any CPU
		{9489ADDD-E92E-4471-BC69-5A8A499113C2}.Release|Any CPU.Build.0 = Release|Any CPU
		{17977819-6B09-4A53-B0DD-94AACC26305F}.Debug|Any CPU.ActiveCfg = Debug|Any CPU
		{17977819-6B09-4A53-B0DD-94AACC26305F}.Debug|Any CPU.Build.0 = Debug|Any CPU
		{17977819-6B09-4A53-B0DD-94AACC26305F}.Release|Any CPU.ActiveCfg = Release|Any CPU
		{17977819-6B09-4A53-B0DD-94AACC26305F}.Release|Any CPU.Build.0 = Release|Any CPU
	EndGlobalSection
	GlobalSection(SolutionProperties) = preSolution
		HideSolutionNode = FALSE
	EndGlobalSection
	GlobalSection(NestedProjects) = preSolution
		{DDC80E61-1308-4291-B2C1-EE86F5984007} = {4A4E718C-0803-40B4-8E8D-78D4236C6EE3}
		{9489ADDD-E92E-4471-BC69-5A8A499113C2} = {4A4E718C-0803-40B4-8E8D-78D4236C6EE3}
		{17977819-6B09-4A53-B0DD-94AACC26305F} = {0D31295F-86B7-4CC7-89CD-FF1E83A4E15E}
	EndGlobalSection
	GlobalSection(ExtensibilityGlobals) = postSolution
		SolutionGuid = {A8B71963-CC97-4898-A9BE-754F9430B7F9}
	EndGlobalSection
EndGlobal
